// !$*UTF8*$!
{
	archiveVersion = 1;
	classes = {
	};
	objectVersion = 48;
	objects = {

/* Begin PBXBuildFile section */
		E2273CD621D4EF28003331AB /* main.cpp in Sources */ = {isa = PBXBuildFile; fileRef = E2273CD521D4EF28003331AB /* main.cpp */; };
		E2A9C2FC221A0A65003CCEE9 /* myCamera.cpp in Sources */ = {isa = PBXBuildFile; fileRef = E2A9C2FA221A0A65003CCEE9 /* myCamera.cpp */; };
		E2A9C302221A0C36003CCEE9 /* myRandom.cpp in Sources */ = {isa = PBXBuildFile; fileRef = E2A9C300221A0C36003CCEE9 /* myRandom.cpp */; };
/* End PBXBuildFile section */

/* Begin PBXCopyFilesBuildPhase section */
		E2273CD021D4EF28003331AB /* CopyFiles */ = {
			isa = PBXCopyFilesBuildPhase;
			buildActionMask = 2147483647;
			dstPath = /usr/share/man/man1/;
			dstSubfolderSpec = 0;
			files = (
			);
			runOnlyForDeploymentPostprocessing = 1;
		};
/* End PBXCopyFilesBuildPhase section */

/* Begin PBXFileReference section */
		E2273CD221D4EF28003331AB /* simulator */ = {isa = PBXFileReference; explicitFileType = "compiled.mach-o.executable"; includeInIndex = 0; path = simulator; sourceTree = BUILT_PRODUCTS_DIR; };
		E2273CD521D4EF28003331AB /* main.cpp */ = {isa = PBXFileReference; lastKnownFileType = sourcecode.cpp.cpp; path = main.cpp; sourceTree = "<group>"; };
		E2A9C2FA221A0A65003CCEE9 /* myCamera.cpp */ = {isa = PBXFileReference; lastKnownFileType = sourcecode.cpp.cpp; path = myCamera.cpp; sourceTree = "<group>"; };
		E2A9C2FB221A0A65003CCEE9 /* myCamera.hpp */ = {isa = PBXFileReference; lastKnownFileType = sourcecode.cpp.h; path = myCamera.hpp; sourceTree = "<group>"; };
		E2A9C2FE221A0A84003CCEE9 /* myPrinter.hpp */ = {isa = PBXFileReference; lastKnownFileType = sourcecode.cpp.h; path = myPrinter.hpp; sourceTree = "<group>"; };
		E2A9C300221A0C36003CCEE9 /* myRandom.cpp */ = {isa = PBXFileReference; lastKnownFileType = sourcecode.cpp.cpp; path = myRandom.cpp; sourceTree = "<group>"; };
		E2A9C301221A0C36003CCEE9 /* myRandom.hpp */ = {isa = PBXFileReference; lastKnownFileType = sourcecode.cpp.h; path = myRandom.hpp; sourceTree = "<group>"; };
		E2A9C303221A0DA1003CCEE9 /* test.jpg */ = {isa = PBXFileReference; lastKnownFileType = image.jpeg; path = test.jpg; sourceTree = "<group>"; };
/* End PBXFileReference section */

/* Begin PBXFrameworksBuildPhase section */
		E2273CCF21D4EF28003331AB /* Frameworks */ = {
			isa = PBXFrameworksBuildPhase;
			buildActionMask = 2147483647;
			files = (
			);
			runOnlyForDeploymentPostprocessing = 0;
		};
/* End PBXFrameworksBuildPhase section */

/* Begin PBXGroup section */
		E2273CC921D4EF28003331AB = {
			isa = PBXGroup;
			children = (
				E2273CD421D4EF28003331AB /* simulator */,
				E2273CD321D4EF28003331AB /* Products */,
			);
			sourceTree = "<group>";
		};
		E2273CD321D4EF28003331AB /* Products */ = {
			isa = PBXGroup;
			children = (
				E2273CD221D4EF28003331AB /* simulator */,
			);
			name = Products;
			sourceTree = "<group>";
		};
		E2273CD421D4EF28003331AB /* simulator */ = {
			isa = PBXGroup;
			children = (
				E2A9C303221A0DA1003CCEE9 /* test.jpg */,
				E2273CD521D4EF28003331AB /* main.cpp */,
				E2A9C2FA221A0A65003CCEE9 /* myCamera.cpp */,
				E2A9C2FB221A0A65003CCEE9 /* myCamera.hpp */,
				E2A9C2FE221A0A84003CCEE9 /* myPrinter.hpp */,
				E2A9C300221A0C36003CCEE9 /* myRandom.cpp */,
				E2A9C301221A0C36003CCEE9 /* myRandom.hpp */,
			);
			path = simulator;
			sourceTree = "<group>";
		};
/* End PBXGroup section */

/* Begin PBXNativeTarget section */
		E2273CD121D4EF28003331AB /* simulator */ = {
			isa = PBXNativeTarget;
			buildConfigurationList = E2273CD921D4EF28003331AB /* Build configuration list for PBXNativeTarget "simulator" */;
			buildPhases = (
				E2273CCE21D4EF28003331AB /* Sources */,
				E2273CCF21D4EF28003331AB /* Frameworks */,
				E2273CD021D4EF28003331AB /* CopyFiles */,
			);
			buildRules = (
			);
			dependencies = (
			);
			name = simulator;
			productName = printer;
			productReference = E2273CD221D4EF28003331AB /* simulator */;
			productType = "com.apple.product-type.tool";
		};
/* End PBXNativeTarget section */

/* Begin PBXProject section */
		E2273CCA21D4EF28003331AB /* Project object */ = {
			isa = PBXProject;
			attributes = {
				LastUpgradeCheck = 0920;
				ORGANIZATIONNAME = "Pol Surakitkoson";
				TargetAttributes = {
					E2273CD121D4EF28003331AB = {
						CreatedOnToolsVersion = 9.2;
						ProvisioningStyle = Automatic;
					};
				};
			};
			buildConfigurationList = E2273CCD21D4EF28003331AB /* Build configuration list for PBXProject "simulator" */;
			compatibilityVersion = "Xcode 8.0";
			developmentRegion = en;
			hasScannedForEncodings = 0;
			knownRegions = (
				en,
			);
			mainGroup = E2273CC921D4EF28003331AB;
			productRefGroup = E2273CD321D4EF28003331AB /* Products */;
			projectDirPath = "";
			projectRoot = "";
			targets = (
				E2273CD121D4EF28003331AB /* simulator */,
			);
		};
/* End PBXProject section */

/* Begin PBXSourcesBuildPhase section */
		E2273CCE21D4EF28003331AB /* Sources */ = {
			isa = PBXSourcesBuildPhase;
			buildActionMask = 2147483647;
			files = (
				E2A9C302221A0C36003CCEE9 /* myRandom.cpp in Sources */,
				E2A9C2FC221A0A65003CCEE9 /* myCamera.cpp in Sources */,
				E2273CD621D4EF28003331AB /* main.cpp in Sources */,
			);
			runOnlyForDeploymentPostprocessing = 0;
		};
/* End PBXSourcesBuildPhase section */

/* Begin XCBuildConfiguration section */
		E2273CD721D4EF28003331AB /* Debug */ = {
			isa = XCBuildConfiguration;
			buildSettings = {
				ALWAYS_SEARCH_USER_PATHS = NO;
				CLANG_ANALYZER_NONNULL = YES;
				CLANG_ANALYZER_NUMBER_OBJECT_CONVERSION = YES_AGGRESSIVE;
				CLANG_CXX_LANGUAGE_STANDARD = "gnu++14";
				CLANG_CXX_LIBRARY = "libc++";
				CLANG_ENABLE_MODULES = YES;
				CLANG_ENABLE_OBJC_ARC = YES;
				CLANG_WARN_BLOCK_CAPTURE_AUTORELEASING = YES;
				CLANG_WARN_BOOL_CONVERSION = YES;
				CLANG_WARN_COMMA = YES;
				CLANG_WARN_CONSTANT_CONVERSION = YES;
				CLANG_WARN_DIRECT_OBJC_ISA_USAGE = YES_ERROR;
				CLANG_WARN_DOCUMENTATION_COMMENTS = YES;
				CLANG_WARN_EMPTY_BODY = YES;
				CLANG_WARN_ENUM_CONVERSION = YES;
				CLANG_WARN_INFINITE_RECURSION = YES;
				CLANG_WARN_INT_CONVERSION = YES;
				CLANG_WARN_NON_LITERAL_NULL_CONVERSION = YES;
				CLANG_WARN_OBJC_LITERAL_CONVERSION = YES;
				CLANG_WARN_OBJC_ROOT_CLASS = YES_ERROR;
				CLANG_WARN_RANGE_LOOP_ANALYSIS = YES;
				CLANG_WARN_STRICT_PROTOTYPES = YES;
				CLANG_WARN_SUSPICIOUS_MOVE = YES;
				CLANG_WARN_UNGUARDED_AVAILABILITY = YES_AGGRESSIVE;
				CLANG_WARN_UNREACHABLE_CODE = YES;
				CLANG_WARN__DUPLICATE_METHOD_MATCH = YES;
				CODE_SIGN_IDENTITY = "-";
				COPY_PHASE_STRIP = NO;
				DEBUG_INFORMATION_FORMAT = dwarf;
				ENABLE_STRICT_OBJC_MSGSEND = YES;
				ENABLE_TESTABILITY = YES;
				GCC_C_LANGUAGE_STANDARD = gnu11;
				GCC_DYNAMIC_NO_PIC = NO;
				GCC_NO_COMMON_BLOCKS = YES;
				GCC_OPTIMIZATION_LEVEL = 0;
				GCC_PREPROCESSOR_DEFINITIONS = (
					"DEBUG=1",
					"$(inherited)",
				);
				GCC_WARN_64_TO_32_BIT_CONVERSION = YES;
				GCC_WARN_ABOUT_RETURN_TYPE = YES_ERROR;
				GCC_WARN_UNDECLARED_SELECTOR = YES;
				GCC_WARN_UNINITIALIZED_AUTOS = YES_AGGRESSIVE;
				GCC_WARN_UNUSED_FUNCTION = YES;
				GCC_WARN_UNUSED_VARIABLE = YES;
				MACOSX_DEPLOYMENT_TARGET = 10.12;
				MTL_ENABLE_DEBUG_INFO = YES;
				ONLY_ACTIVE_ARCH = YES;
				SDKROOT = macosx;
			};
			name = Debug;
		};
		E2273CD821D4EF28003331AB /* Release */ = {
			isa = XCBuildConfiguration;
			buildSettings = {
				ALWAYS_SEARCH_USER_PATHS = NO;
				CLANG_ANALYZER_NONNULL = YES;
				CLANG_ANALYZER_NUMBER_OBJECT_CONVERSION = YES_AGGRESSIVE;
				CLANG_CXX_LANGUAGE_STANDARD = "gnu++14";
				CLANG_CXX_LIBRARY = "libc++";
				CLANG_ENABLE_MODULES = YES;
				CLANG_ENABLE_OBJC_ARC = YES;
				CLANG_WARN_BLOCK_CAPTURE_AUTORELEASING = YES;
				CLANG_WARN_BOOL_CONVERSION = YES;
				CLANG_WARN_COMMA = YES;
				CLANG_WARN_CONSTANT_CONVERSION = YES;
				CLANG_WARN_DIRECT_OBJC_ISA_USAGE = YES_ERROR;
				CLANG_WARN_DOCUMENTATION_COMMENTS = YES;
				CLANG_WARN_EMPTY_BODY = YES;
				CLANG_WARN_ENUM_CONVERSION = YES;
				CLANG_WARN_INFINITE_RECURSION = YES;
				CLANG_WARN_INT_CONVERSION = YES;
				CLANG_WARN_NON_LITERAL_NULL_CONVERSION = YES;
				CLANG_WARN_OBJC_LITERAL_CONVERSION = YES;
				CLANG_WARN_OBJC_ROOT_CLASS = YES_ERROR;
				CLANG_WARN_RANGE_LOOP_ANALYSIS = YES;
				CLANG_WARN_STRICT_PROTOTYPES = YES;
				CLANG_WARN_SUSPICIOUS_MOVE = YES;
				CLANG_WARN_UNGUARDED_AVAILABILITY = YES_AGGRESSIVE;
				CLANG_WARN_UNREACHABLE_CODE = YES;
				CLANG_WARN__DUPLICATE_METHOD_MATCH = YES;
				CODE_SIGN_IDENTITY = "-";
				COPY_PHASE_STRIP = NO;
				DEBUG_INFORMATION_FORMAT = "dwarf-with-dsym";
				ENABLE_NS_ASSERTIONS = NO;
				ENABLE_STRICT_OBJC_MSGSEND = YES;
				GCC_C_LANGUAGE_STANDARD = gnu11;
				GCC_NO_COMMON_BLOCKS = YES;
				GCC_WARN_64_TO_32_BIT_CONVERSION = YES;
				GCC_WARN_ABOUT_RETURN_TYPE = YES_ERROR;
				GCC_WARN_UNDECLARED_SELECTOR = YES;
				GCC_WARN_UNINITIALIZED_AUTOS = YES_AGGRESSIVE;
				GCC_WARN_UNUSED_FUNCTION = YES;
				GCC_WARN_UNUSED_VARIABLE = YES;
				MACOSX_DEPLOYMENT_TARGET = 10.12;
				MTL_ENABLE_DEBUG_INFO = NO;
				SDKROOT = macosx;
			};
			name = Release;
		};
		E2273CDA21D4EF28003331AB /* Debug */ = {
			isa = XCBuildConfiguration;
			buildSettings = {
				CODE_SIGN_STYLE = Automatic;
				"HEADER_SEARCH_PATHS[arch=*]" = /usr/local/Cellar/opencv/3.4.3_2/include;
				"LIBRARY_SEARCH_PATHS[arch=*]" = /usr/local/Cellar/opencv/3.4.3_2/lib;
				"OTHER_LDFLAGS[arch=*]" = (
					"-I/usr/local/Cellar/opencv/3.4.3_2/include/opencv",
					"-I/usr/local/Cellar/opencv/3.4.3_2/include",
					"-L/usr/local/Cellar/opencv/3.4.3_2/lib",
					"-lopencv_stitching",
					"-lopencv_superres",
					"-lopencv_videostab",
					"-lopencv_aruco",
					"-lopencv_bgsegm",
					"-lopencv_bioinspired",
					"-lopencv_ccalib",
					"-lopencv_dnn_objdetect",
					"-lopencv_dpm",
					"-lopencv_face",
					"-lopencv_photo",
					"-lopencv_fuzzy",
					"-lopencv_hfs",
					"-lopencv_img_hash",
					"-lopencv_line_descriptor",
					"-lopencv_optflow",
					"-lopencv_reg",
					"-lopencv_rgbd",
					"-lopencv_saliency",
					"-lopencv_stereo",
					"-lopencv_structured_light",
					"-lopencv_phase_unwrapping",
					"-lopencv_surface_matching",
					"-lopencv_tracking",
					"-lopencv_datasets",
					"-lopencv_dnn",
					"-lopencv_plot",
					"-lopencv_xfeatures2d",
					"-lopencv_shape",
					"-lopencv_video",
					"-lopencv_ml",
					"-lopencv_ximgproc",
					"-lopencv_calib3d",
					"-lopencv_features2d",
					"-lopencv_highgui",
					"-lopencv_videoio",
					"-lopencv_flann",
					"-lopencv_xobjdetect",
					"-lopencv_imgcodecs",
					"-lopencv_objdetect",
					"-lopencv_xphoto",
					"-lopencv_imgproc",
					"-lopencv_core",
				);
				PRODUCT_NAME = "$(TARGET_NAME)";
			};
			name = Debug;
		};
		E2273CDB21D4EF28003331AB /* Release */ = {
			isa = XCBuildConfiguration;
			buildSettings = {
				CODE_SIGN_STYLE = Automatic;
				PRODUCT_NAME = "$(TARGET_NAME)";
			};
			name = Release;
		};
/* End XCBuildConfiguration section */

/* Begin XCConfigurationList section */
		E2273CCD21D4EF28003331AB /* Build configuration list for PBXProject "simulator" */ = {
			isa = XCConfigurationList;
			buildConfigurations = (
				E2273CD721D4EF28003331AB /* Debug */,
				E2273CD821D4EF28003331AB /* Release */,
			);
			defaultConfigurationIsVisible = 0;
			defaultConfigurationName = Release;
		};
		E2273CD921D4EF28003331AB /* Build configuration list for PBXNativeTarget "simulator" */ = {
			isa = XCConfigurationList;
			buildConfigurations = (
				E2273CDA21D4EF28003331AB /* Debug */,
				E2273CDB21D4EF28003331AB /* Release */,
			);
			defaultConfigurationIsVisible = 0;
			defaultConfigurationName = Release;
		};
/* End XCConfigurationList section */
	};
	rootObject = E2273CCA21D4EF28003331AB /* Project object */;
}
